# THIS IS AN AUTOGENERATED FILE. DO NOT EDIT THIS FILE DIRECTLY.
# yarn lockfile v1


"@algolia/autocomplete-core@1.9.3":
  version "1.9.3"
  dependencies:
    "@algolia/autocomplete-plugin-algolia-insights" "1.9.3"
    "@algolia/autocomplete-shared" "1.9.3"

"@algolia/autocomplete-plugin-algolia-insights@1.9.3":
  version "1.9.3"
  dependencies:
    "@algolia/autocomplete-shared" "1.9.3"

"@algolia/autocomplete-preset-algolia@1.9.3":
  version "1.9.3"
  dependencies:
    "@algolia/autocomplete-shared" "1.9.3"

"@algolia/autocomplete-shared@1.9.3":
  version "1.9.3"

"@algolia/cache-browser-local-storage@4.23.3":
  version "4.23.3"
  dependencies:
    "@algolia/cache-common" "4.23.3"

"@algolia/cache-common@4.23.3":
  version "4.23.3"

"@algolia/cache-in-memory@4.23.3":
  version "4.23.3"
  dependencies:
    "@algolia/cache-common" "4.23.3"

"@algolia/client-account@4.23.3":
  version "4.23.3"
  dependencies:
    "@algolia/client-common" "4.23.3"
    "@algolia/client-search" "4.23.3"
    "@algolia/transporter" "4.23.3"

"@algolia/client-analytics@4.23.3":
  version "4.23.3"
  dependencies:
    "@algolia/client-common" "4.23.3"
    "@algolia/client-search" "4.23.3"
    "@algolia/requester-common" "4.23.3"
    "@algolia/transporter" "4.23.3"

"@algolia/client-common@4.23.3":
  version "4.23.3"
  dependencies:
    "@algolia/requester-common" "4.23.3"
    "@algolia/transporter" "4.23.3"

"@algolia/client-personalization@4.23.3":
  version "4.23.3"
  dependencies:
    "@algolia/client-common" "4.23.3"
    "@algolia/requester-common" "4.23.3"
    "@algolia/transporter" "4.23.3"

"@algolia/client-search@>= 4.9.1 < 6", "@algolia/client-search@4.23.3":
  version "4.23.3"
  dependencies:
    "@algolia/client-common" "4.23.3"
    "@algolia/requester-common" "4.23.3"
    "@algolia/transporter" "4.23.3"

"@algolia/logger-common@4.23.3":
  version "4.23.3"

"@algolia/logger-console@4.23.3":
  version "4.23.3"
  dependencies:
    "@algolia/logger-common" "4.23.3"

"@algolia/recommend@4.23.3":
  version "4.23.3"
  dependencies:
    "@algolia/cache-browser-local-storage" "4.23.3"
    "@algolia/cache-common" "4.23.3"
    "@algolia/cache-in-memory" "4.23.3"
    "@algolia/client-common" "4.23.3"
    "@algolia/client-search" "4.23.3"
    "@algolia/logger-common" "4.23.3"
    "@algolia/logger-console" "4.23.3"
    "@algolia/requester-browser-xhr" "4.23.3"
    "@algolia/requester-common" "4.23.3"
    "@algolia/requester-node-http" "4.23.3"
    "@algolia/transporter" "4.23.3"

"@algolia/requester-browser-xhr@4.23.3":
  version "4.23.3"
  dependencies:
    "@algolia/requester-common" "4.23.3"

"@algolia/requester-common@4.23.3":
  version "4.23.3"

"@algolia/requester-node-http@4.23.3":
  version "4.23.3"
  dependencies:
    "@algolia/requester-common" "4.23.3"

"@algolia/transporter@4.23.3":
  version "4.23.3"
  dependencies:
    "@algolia/cache-common" "4.23.3"
    "@algolia/logger-common" "4.23.3"
    "@algolia/requester-common" "4.23.3"

"@babel/parser@^7.24.4":
  version "7.24.5"

"@docsearch/css@^3.6.0", "@docsearch/css@3.6.0":
  version "3.6.0"

"@docsearch/js@^3.6.0":
  version "3.6.0"
  dependencies:
    "@docsearch/react" "3.6.0"
    preact "^10.0.0"

"@docsearch/react@3.6.0":
  version "3.6.0"
  dependencies:
    "@algolia/autocomplete-core" "1.9.3"
    "@algolia/autocomplete-preset-algolia" "1.9.3"
    "@docsearch/css" "3.6.0"
    algoliasearch "^4.19.1"

"@esbuild/linux-x64@0.20.2":
  version "0.20.2"

"@jridgewell/sourcemap-codec@^1.4.15":
  version "1.4.15"

"@rollup/rollup-linux-x64-gnu@4.17.2":
  version "4.17.2"

"@shikijs/core@^1.5.2", "@shikijs/core@1.6.0":
  version "1.6.0"

"@shikijs/transformers@^1.5.2":
  version "1.6.0"
  dependencies:
    shiki "1.6.0"

"@types/estree@1.0.5":
  version "1.0.5"

"@types/linkify-it@^5":
  version "5.0.0"

"@types/markdown-it@^14.1.1":
  version "14.1.1"
  dependencies:
    "@types/linkify-it" "^5"
    "@types/mdurl" "^2"

"@types/mdurl@^2":
  version "2.0.0"

"@types/web-bluetooth@^0.0.20":
  version "0.0.20"

"@vitejs/plugin-vue@^5.0.4":
  version "5.0.4"

"@vue/compiler-core@3.4.27":
  version "3.4.27"
  dependencies:
    "@babel/parser" "^7.24.4"
    "@vue/shared" "3.4.27"
    entities "^4.5.0"
    estree-walker "^2.0.2"
    source-map-js "^1.2.0"

"@vue/compiler-dom@3.4.27":
  version "3.4.27"
  dependencies:
    "@vue/compiler-core" "3.4.27"
    "@vue/shared" "3.4.27"

"@vue/compiler-sfc@3.4.27":
  version "3.4.27"
  dependencies:
    "@babel/parser" "^7.24.4"
    "@vue/compiler-core" "3.4.27"
    "@vue/compiler-dom" "3.4.27"
    "@vue/compiler-ssr" "3.4.27"
    "@vue/shared" "3.4.27"
    estree-walker "^2.0.2"
    magic-string "^0.30.10"
    postcss "^8.4.38"
    source-map-js "^1.2.0"

"@vue/compiler-ssr@3.4.27":
  version "3.4.27"
  dependencies:
    "@vue/compiler-dom" "3.4.27"
    "@vue/shared" "3.4.27"

"@vue/devtools-api@^7.2.0":
  version "7.2.1"
  dependencies:
    "@vue/devtools-kit" "^7.2.1"

"@vue/devtools-kit@^7.2.1":
  version "7.2.1"
  dependencies:
    "@vue/devtools-shared" "^7.2.1"
    hookable "^5.5.3"
    mitt "^3.0.1"
    perfect-debounce "^1.0.0"
    speakingurl "^14.0.1"

"@vue/devtools-shared@^7.2.1":
  version "7.2.1"
  dependencies:
    rfdc "^1.3.1"

"@vue/reactivity@3.4.27":
  version "3.4.27"
  dependencies:
    "@vue/shared" "3.4.27"

"@vue/runtime-core@3.4.27":
  version "3.4.27"
  dependencies:
    "@vue/reactivity" "3.4.27"
    "@vue/shared" "3.4.27"

"@vue/runtime-dom@3.4.27":
  version "3.4.27"
  dependencies:
    "@vue/runtime-core" "3.4.27"
    "@vue/shared" "3.4.27"
    csstype "^3.1.3"

"@vue/server-renderer@3.4.27":
  version "3.4.27"
  dependencies:
    "@vue/compiler-ssr" "3.4.27"
    "@vue/shared" "3.4.27"

"@vue/shared@^3.4.27", "@vue/shared@3.4.27":
  version "3.4.27"

"@vueuse/core@^10.9.0", "@vueuse/core@10.9.0":
  version "10.9.0"
  dependencies:
    "@types/web-bluetooth" "^0.0.20"
    "@vueuse/metadata" "10.9.0"
    "@vueuse/shared" "10.9.0"
    vue-demi ">=0.14.7"

"@vueuse/integrations@^10.9.0":
  version "10.9.0"
  dependencies:
    "@vueuse/core" "10.9.0"
    "@vueuse/shared" "10.9.0"
    vue-demi ">=0.14.7"

"@vueuse/metadata@10.9.0":
  version "10.9.0"

"@vueuse/shared@10.9.0":
  version "10.9.0"
  dependencies:
    vue-demi ">=0.14.7"

algoliasearch@^4.19.1, "algoliasearch@>= 4.9.1 < 6":
  version "4.23.3"
  dependencies:
    "@algolia/cache-browser-local-storage" "4.23.3"
    "@algolia/cache-common" "4.23.3"
    "@algolia/cache-in-memory" "4.23.3"
    "@algolia/client-account" "4.23.3"
    "@algolia/client-analytics" "4.23.3"
    "@algolia/client-common" "4.23.3"
    "@algolia/client-personalization" "4.23.3"
    "@algolia/client-search" "4.23.3"
    "@algolia/logger-common" "4.23.3"
    "@algolia/logger-console" "4.23.3"
    "@algolia/recommend" "4.23.3"
    "@algolia/requester-browser-xhr" "4.23.3"
    "@algolia/requester-common" "4.23.3"
    "@algolia/requester-node-http" "4.23.3"
    "@algolia/transporter" "4.23.3"

csstype@^3.1.3:
  version "3.1.3"

entities@^4.5.0:
  version "4.5.0"

esbuild@^0.20.1:
  version "0.20.2"
  optionalDependencies:
    "@esbuild/aix-ppc64" "0.20.2"
    "@esbuild/android-arm" "0.20.2"
    "@esbuild/android-arm64" "0.20.2"
    "@esbuild/android-x64" "0.20.2"
    "@esbuild/darwin-arm64" "0.20.2"
    "@esbuild/darwin-x64" "0.20.2"
    "@esbuild/freebsd-arm64" "0.20.2"
    "@esbuild/freebsd-x64" "0.20.2"
    "@esbuild/linux-arm" "0.20.2"
    "@esbuild/linux-arm64" "0.20.2"
    "@esbuild/linux-ia32" "0.20.2"
    "@esbuild/linux-loong64" "0.20.2"
    "@esbuild/linux-mips64el" "0.20.2"
    "@esbuild/linux-ppc64" "0.20.2"
    "@esbuild/linux-riscv64" "0.20.2"
    "@esbuild/linux-s390x" "0.20.2"
    "@esbuild/linux-x64" "0.20.2"
    "@esbuild/netbsd-x64" "0.20.2"
    "@esbuild/openbsd-x64" "0.20.2"
    "@esbuild/sunos-x64" "0.20.2"
    "@esbuild/win32-arm64" "0.20.2"
    "@esbuild/win32-ia32" "0.20.2"
    "@esbuild/win32-x64" "0.20.2"

estree-walker@^2.0.2:
  version "2.0.2"

focus-trap@*, focus-trap@^7.5.4:
  version "7.5.4"
  dependencies:
    tabbable "^6.2.0"

hookable@^5.5.3:
  version "5.5.3"

magic-string@^0.30.10:
  version "0.30.10"
  dependencies:
    "@jridgewell/sourcemap-codec" "^1.4.15"

mark.js@8.11.1:
  version "8.11.1"

minisearch@^6.3.0:
  version "6.3.0"

mitt@^3.0.1:
  version "3.0.1"

nanoid@^3.3.7:
  version "3.3.7"

perfect-debounce@^1.0.0:
  version "1.0.0"

picocolors@^1.0.0:
  version "1.0.1"

postcss@^8, postcss@^8.4.38:
  version "8.4.38"
  dependencies:
    nanoid "^3.3.7"
    picocolors "^1.0.0"
    source-map-js "^1.2.0"

preact@^10.0.0:
  version "10.22.0"

rfdc@^1.3.1:
  version "1.3.1"

rollup@^4.13.0:
  version "4.17.2"
  dependencies:
    "@types/estree" "1.0.5"
  optionalDependencies:
    "@rollup/rollup-android-arm-eabi" "4.17.2"
    "@rollup/rollup-android-arm64" "4.17.2"
    "@rollup/rollup-darwin-arm64" "4.17.2"
    "@rollup/rollup-darwin-x64" "4.17.2"
    "@rollup/rollup-linux-arm-gnueabihf" "4.17.2"
    "@rollup/rollup-linux-arm-musleabihf" "4.17.2"
    "@rollup/rollup-linux-arm64-gnu" "4.17.2"
    "@rollup/rollup-linux-arm64-musl" "4.17.2"
    "@rollup/rollup-linux-powerpc64le-gnu" "4.17.2"
    "@rollup/rollup-linux-riscv64-gnu" "4.17.2"
    "@rollup/rollup-linux-s390x-gnu" "4.17.2"
    "@rollup/rollup-linux-x64-gnu" "4.17.2"
    "@rollup/rollup-linux-x64-musl" "4.17.2"
    "@rollup/rollup-win32-arm64-msvc" "4.17.2"
    "@rollup/rollup-win32-ia32-msvc" "4.17.2"
    "@rollup/rollup-win32-x64-msvc" "4.17.2"
    fsevents "~2.3.2"

"search-insights@>= 1 < 3":
  version "2.14.0"
  resolved "https://registry.npmjs.org/search-insights/-/search-insights-2.14.0.tgz"
  integrity sha512-OLN6MsPMCghDOqlCtsIsYgtsC0pnwVTyT9Mu6A3ewOj1DxvzZF6COrn2g86E/c05xbktB0XN04m/t1Z+n+fTGw==

shiki@^1.5.2, shiki@1.6.0:
  version "1.6.0"
  dependencies:
    "@shikijs/core" "1.6.0"

source-map-js@^1.2.0:
  version "1.2.0"

speakingurl@^14.0.1:
  version "14.0.1"

tabbable@^6.2.0:
  version "6.2.0"

vite@^5.0.0, vite@^5.2.11:
  version "5.2.11"
  dependencies:
    esbuild "^0.20.1"
    postcss "^8.4.38"
    rollup "^4.13.0"
  optionalDependencies:
    fsevents "~2.3.3"

vitepress-plugin-tabs@^0.5.0:
  version "0.5.0"

vitepress@^1.0.0-rc.27, vitepress@^1.2.2:
  version "1.2.2"
  dependencies:
    "@docsearch/css" "^3.6.0"
    "@docsearch/js" "^3.6.0"
    "@shikijs/core" "^1.5.2"
    "@shikijs/transformers" "^1.5.2"
    "@types/markdown-it" "^14.1.1"
    "@vitejs/plugin-vue" "^5.0.4"
    "@vue/devtools-api" "^7.2.0"
    "@vue/shared" "^3.4.27"
    "@vueuse/core" "^10.9.0"
    "@vueuse/integrations" "^10.9.0"
    focus-trap "^7.5.4"
    mark.js "8.11.1"
    minisearch "^6.3.0"
    shiki "^1.5.2"
    vite "^5.2.11"
    vue "^3.4.27"

vue-demi@>=0.14.7:
  version "0.14.7"

vue@^3.0.0, "vue@^3.0.0-0 || ^2.6.0", vue@^3.2.25, vue@^3.3.8, vue@^3.4.27, vue@3.4.27:
  version "3.4.27"
  dependencies:
    "@vue/compiler-dom" "3.4.27"
    "@vue/compiler-sfc" "3.4.27"
    "@vue/runtime-dom" "3.4.27"
    "@vue/server-renderer" "3.4.27"
    "@vue/shared" "3.4.27"
